// !$*UTF8*$!
{
	archiveVersion = 1;
	classes = {
	};
	objectVersion = 48;
	objects = {

/* Begin PBXBuildFile section */
		645BAB872106478000E11A4D /* EndViewController.swift in Sources */ = {isa = PBXBuildFile; fileRef = 645BAB862106478000E11A4D /* EndViewController.swift */; };
		645BAB8921064BEC00E11A4D /* garnet.jpeg in Resources */ = {isa = PBXBuildFile; fileRef = 645BAB8821064BEC00E11A4D /* garnet.jpeg */; };
		6483CC3C20E01B1B0078C688 /* StartViewController.swift in Sources */ = {isa = PBXBuildFile; fileRef = 6483CC3B20E01B1B0078C688 /* StartViewController.swift */; };
		64A0EDFB20BE4CC8005F8102 /* AppDelegate.swift in Sources */ = {isa = PBXBuildFile; fileRef = 64A0EDFA20BE4CC8005F8102 /* AppDelegate.swift */; };
		64A0EDFD20BE4CC8005F8102 /* ViewController.swift in Sources */ = {isa = PBXBuildFile; fileRef = 64A0EDFC20BE4CC8005F8102 /* ViewController.swift */; };
		64A0EE0020BE4CC8005F8102 /* Main.storyboard in Resources */ = {isa = PBXBuildFile; fileRef = 64A0EDFE20BE4CC8005F8102 /* Main.storyboard */; };
		64A0EE0220BE4CC8005F8102 /* Assets.xcassets in Resources */ = {isa = PBXBuildFile; fileRef = 64A0EE0120BE4CC8005F8102 /* Assets.xcassets */; };
		64A0EE0520BE4CC8005F8102 /* LaunchScreen.storyboard in Resources */ = {isa = PBXBuildFile; fileRef = 64A0EE0320BE4CC8005F8102 /* LaunchScreen.storyboard */; };
		64A0EE1020BE4CC8005F8102 /* Genius_GameTests.swift in Sources */ = {isa = PBXBuildFile; fileRef = 64A0EE0F20BE4CC8005F8102 /* Genius_GameTests.swift */; };
		64A0EE1B20BE4CC8005F8102 /* Genius_GameUITests.swift in Sources */ = {isa = PBXBuildFile; fileRef = 64A0EE1A20BE4CC8005F8102 /* Genius_GameUITests.swift */; };
		64AFA0AE20DF4C92004574FB /* GameKit.framework in Frameworks */ = {isa = PBXBuildFile; fileRef = 64AFA0AD20DF4C92004574FB /* GameKit.framework */; };
/* End PBXBuildFile section */

/* Begin PBXContainerItemProxy section */
		64A0EE0C20BE4CC8005F8102 /* PBXContainerItemProxy */ = {
			isa = PBXContainerItemProxy;
			containerPortal = 64A0EDEF20BE4CC8005F8102 /* Project object */;
			proxyType = 1;
			remoteGlobalIDString = 64A0EDF620BE4CC8005F8102;
			remoteInfo = "Genius Game";
		};
		64A0EE1720BE4CC8005F8102 /* PBXContainerItemProxy */ = {
			isa = PBXContainerItemProxy;
			containerPortal = 64A0EDEF20BE4CC8005F8102 /* Project object */;
			proxyType = 1;
			remoteGlobalIDString = 64A0EDF620BE4CC8005F8102;
			remoteInfo = "Genius Game";
		};
/* End PBXContainerItemProxy section */

/* Begin PBXFileReference section */
		645BAB862106478000E11A4D /* EndViewController.swift */ = {isa = PBXFileReference; lastKnownFileType = sourcecode.swift; path = EndViewController.swift; sourceTree = "<group>"; };
		645BAB8821064BEC00E11A4D /* garnet.jpeg */ = {isa = PBXFileReference; lastKnownFileType = image.jpeg; name = garnet.jpeg; path = ../../../garnet.jpeg; sourceTree = "<group>"; };
		6483CC3B20E01B1B0078C688 /* StartViewController.swift */ = {isa = PBXFileReference; lastKnownFileType = sourcecode.swift; path = StartViewController.swift; sourceTree = "<group>"; };
		64A0EDF720BE4CC8005F8102 /* Genius Game.app */ = {isa = PBXFileReference; explicitFileType = wrapper.application; includeInIndex = 0; path = "Genius Game.app"; sourceTree = BUILT_PRODUCTS_DIR; };
		64A0EDFA20BE4CC8005F8102 /* AppDelegate.swift */ = {isa = PBXFileReference; lastKnownFileType = sourcecode.swift; path = AppDelegate.swift; sourceTree = "<group>"; };
		64A0EDFC20BE4CC8005F8102 /* ViewController.swift */ = {isa = PBXFileReference; lastKnownFileType = sourcecode.swift; path = ViewController.swift; sourceTree = "<group>"; };
		64A0EDFF20BE4CC8005F8102 /* Base */ = {isa = PBXFileReference; lastKnownFileType = file.storyboard; name = Base; path = Base.lproj/Main.storyboard; sourceTree = "<group>"; };
		64A0EE0120BE4CC8005F8102 /* Assets.xcassets */ = {isa = PBXFileReference; lastKnownFileType = folder.assetcatalog; path = Assets.xcassets; sourceTree = "<group>"; };
		64A0EE0420BE4CC8005F8102 /* Base */ = {isa = PBXFileReference; lastKnownFileType = file.storyboard; name = Base; path = Base.lproj/LaunchScreen.storyboard; sourceTree = "<group>"; };
		64A0EE0620BE4CC8005F8102 /* Info.plist */ = {isa = PBXFileReference; lastKnownFileType = text.plist.xml; path = Info.plist; sourceTree = "<group>"; };
		64A0EE0B20BE4CC8005F8102 /* Genius GameTests.xctest */ = {isa = PBXFileReference; explicitFileType = wrapper.cfbundle; includeInIndex = 0; path = "Genius GameTests.xctest"; sourceTree = BUILT_PRODUCTS_DIR; };
		64A0EE0F20BE4CC8005F8102 /* Genius_GameTests.swift */ = {isa = PBXFileReference; lastKnownFileType = sourcecode.swift; path = Genius_GameTests.swift; sourceTree = "<group>"; };
		64A0EE1120BE4CC8005F8102 /* Info.plist */ = {isa = PBXFileReference; lastKnownFileType = text.plist.xml; path = Info.plist; sourceTree = "<group>"; };
		64A0EE1620BE4CC8005F8102 /* Genius GameUITests.xctest */ = {isa = PBXFileReference; explicitFileType = wrapper.cfbundle; includeInIndex = 0; path = "Genius GameUITests.xctest"; sourceTree = BUILT_PRODUCTS_DIR; };
		64A0EE1A20BE4CC8005F8102 /* Genius_GameUITests.swift */ = {isa = PBXFileReference; lastKnownFileType = sourcecode.swift; path = Genius_GameUITests.swift; sourceTree = "<group>"; };
		64A0EE1C20BE4CC8005F8102 /* Info.plist */ = {isa = PBXFileReference; lastKnownFileType = text.plist.xml; path = Info.plist; sourceTree = "<group>"; };
		64AFA0AD20DF4C92004574FB /* GameKit.framework */ = {isa = PBXFileReference; lastKnownFileType = wrapper.framework; name = GameKit.framework; path = System/Library/Frameworks/GameKit.framework; sourceTree = SDKROOT; };
		64AFA0AF20DF4CA0004574FB /* Genius Game.entitlements */ = {isa = PBXFileReference; lastKnownFileType = text.plist.entitlements; path = "Genius Game.entitlements"; sourceTree = "<group>"; };
/* End PBXFileReference section */

/* Begin PBXFrameworksBuildPhase section */
		64A0EDF420BE4CC8005F8102 /* Frameworks */ = {
			isa = PBXFrameworksBuildPhase;
			buildActionMask = 2147483647;
			files = (
				64AFA0AE20DF4C92004574FB /* GameKit.framework in Frameworks */,
			);
			runOnlyForDeploymentPostprocessing = 0;
		};
		64A0EE0820BE4CC8005F8102 /* Frameworks */ = {
			isa = PBXFrameworksBuildPhase;
			buildActionMask = 2147483647;
			files = (
			);
			runOnlyForDeploymentPostprocessing = 0;
		};
		64A0EE1320BE4CC8005F8102 /* Frameworks */ = {
			isa = PBXFrameworksBuildPhase;
			buildActionMask = 2147483647;
			files = (
			);
			runOnlyForDeploymentPostprocessing = 0;
		};
/* End PBXFrameworksBuildPhase section */

/* Begin PBXGroup section */
		6403F19320DF438B0035D552 /* Frameworks */ = {
			isa = PBXGroup;
			children = (
				64AFA0AD20DF4C92004574FB /* GameKit.framework */,
			);
			name = Frameworks;
			sourceTree = "<group>";
		};
		64A0EDEE20BE4CC8005F8102 = {
			isa = PBXGroup;
			children = (
				64A0EDF920BE4CC8005F8102 /* Genius Game */,
				64A0EE0E20BE4CC8005F8102 /* Genius GameTests */,
				64A0EE1920BE4CC8005F8102 /* Genius GameUITests */,
				64A0EDF820BE4CC8005F8102 /* Products */,
				6403F19320DF438B0035D552 /* Frameworks */,
			);
			sourceTree = "<group>";
		};
		64A0EDF820BE4CC8005F8102 /* Products */ = {
			isa = PBXGroup;
			children = (
				64A0EDF720BE4CC8005F8102 /* Genius Game.app */,
				64A0EE0B20BE4CC8005F8102 /* Genius GameTests.xctest */,
				64A0EE1620BE4CC8005F8102 /* Genius GameUITests.xctest */,
			);
			name = Products;
			sourceTree = "<group>";
		};
		64A0EDF920BE4CC8005F8102 /* Genius Game */ = {
			isa = PBXGroup;
			children = (
				64AFA0AF20DF4CA0004574FB /* Genius Game.entitlements */,
				64A0EDFA20BE4CC8005F8102 /* AppDelegate.swift */,
				64A0EDFC20BE4CC8005F8102 /* ViewController.swift */,
				6483CC3B20E01B1B0078C688 /* StartViewController.swift */,
				645BAB862106478000E11A4D /* EndViewController.swift */,
				64A0EDFE20BE4CC8005F8102 /* Main.storyboard */,
				64A0EE0120BE4CC8005F8102 /* Assets.xcassets */,
				645BAB8821064BEC00E11A4D /* garnet.jpeg */,
				64A0EE0320BE4CC8005F8102 /* LaunchScreen.storyboard */,
				64A0EE0620BE4CC8005F8102 /* Info.plist */,
			);
			path = "Genius Game";
			sourceTree = "<group>";
		};
		64A0EE0E20BE4CC8005F8102 /* Genius GameTests */ = {
			isa = PBXGroup;
			children = (
				64A0EE0F20BE4CC8005F8102 /* Genius_GameTests.swift */,
				64A0EE1120BE4CC8005F8102 /* Info.plist */,
			);
			path = "Genius GameTests";
			sourceTree = "<group>";
		};
		64A0EE1920BE4CC8005F8102 /* Genius GameUITests */ = {
			isa = PBXGroup;
			children = (
				64A0EE1A20BE4CC8005F8102 /* Genius_GameUITests.swift */,
				64A0EE1C20BE4CC8005F8102 /* Info.plist */,
			);
			path = "Genius GameUITests";
			sourceTree = "<group>";
		};
/* End PBXGroup section */

/* Begin PBXNativeTarget section */
		64A0EDF620BE4CC8005F8102 /* Genius Game */ = {
			isa = PBXNativeTarget;
			buildConfigurationList = 64A0EE1F20BE4CC8005F8102 /* Build configuration list for PBXNativeTarget "Genius Game" */;
			buildPhases = (
				64A0EDF320BE4CC8005F8102 /* Sources */,
				64A0EDF420BE4CC8005F8102 /* Frameworks */,
				64A0EDF520BE4CC8005F8102 /* Resources */,
			);
			buildRules = (
			);
			dependencies = (
			);
			name = "Genius Game";
			productName = "Genius Game";
			productReference = 64A0EDF720BE4CC8005F8102 /* Genius Game.app */;
			productType = "com.apple.product-type.application";
		};
		64A0EE0A20BE4CC8005F8102 /* Genius GameTests */ = {
			isa = PBXNativeTarget;
			buildConfigurationList = 64A0EE2220BE4CC8005F8102 /* Build configuration list for PBXNativeTarget "Genius GameTests" */;
			buildPhases = (
				64A0EE0720BE4CC8005F8102 /* Sources */,
				64A0EE0820BE4CC8005F8102 /* Frameworks */,
				64A0EE0920BE4CC8005F8102 /* Resources */,
			);
			buildRules = (
			);
			dependencies = (
				64A0EE0D20BE4CC8005F8102 /* PBXTargetDependency */,
			);
			name = "Genius GameTests";
			productName = "Genius GameTests";
			productReference = 64A0EE0B20BE4CC8005F8102 /* Genius GameTests.xctest */;
			productType = "com.apple.product-type.bundle.unit-test";
		};
		64A0EE1520BE4CC8005F8102 /* Genius GameUITests */ = {
			isa = PBXNativeTarget;
			buildConfigurationList = 64A0EE2520BE4CC8005F8102 /* Build configuration list for PBXNativeTarget "Genius GameUITests" */;
			buildPhases = (
				64A0EE1220BE4CC8005F8102 /* Sources */,
				64A0EE1320BE4CC8005F8102 /* Frameworks */,
				64A0EE1420BE4CC8005F8102 /* Resources */,
			);
			buildRules = (
			);
			dependencies = (
				64A0EE1820BE4CC8005F8102 /* PBXTargetDependency */,
			);
			name = "Genius GameUITests";
			productName = "Genius GameUITests";
			productReference = 64A0EE1620BE4CC8005F8102 /* Genius GameUITests.xctest */;
			productType = "com.apple.product-type.bundle.ui-testing";
		};
/* End PBXNativeTarget section */

/* Begin PBXProject section */
		64A0EDEF20BE4CC8005F8102 /* Project object */ = {
			isa = PBXProject;
			attributes = {
				LastSwiftUpdateCheck = 0920;
				LastUpgradeCheck = 0920;
				ORGANIZATIONNAME = "Sung Jun Hong";
				TargetAttributes = {
					64A0EDF620BE4CC8005F8102 = {
						CreatedOnToolsVersion = 9.2;
						ProvisioningStyle = Automatic;
						SystemCapabilities = {
							com.apple.GameCenter = {
								enabled = 1;
							};
							com.apple.Push = {
								enabled = 0;
							};
						};
					};
					64A0EE0A20BE4CC8005F8102 = {
						CreatedOnToolsVersion = 9.2;
						ProvisioningStyle = Automatic;
						TestTargetID = 64A0EDF620BE4CC8005F8102;
					};
					64A0EE1520BE4CC8005F8102 = {
						CreatedOnToolsVersion = 9.2;
						ProvisioningStyle = Automatic;
						TestTargetID = 64A0EDF620BE4CC8005F8102;
					};
				};
			};
			buildConfigurationList = 64A0EDF220BE4CC8005F8102 /* Build configuration list for PBXProject "Genius Game" */;
			compatibilityVersion = "Xcode 8.0";
			developmentRegion = en;
			hasScannedForEncodings = 0;
			knownRegions = (
				en,
				Base,
			);
			mainGroup = 64A0EDEE20BE4CC8005F8102;
			productRefGroup = 64A0EDF820BE4CC8005F8102 /* Products */;
			projectDirPath = "";
			projectRoot = "";
			targets = (
				64A0EDF620BE4CC8005F8102 /* Genius Game */,
				64A0EE0A20BE4CC8005F8102 /* Genius GameTests */,
				64A0EE1520BE4CC8005F8102 /* Genius GameUITests */,
			);
		};
/* End PBXProject section */

/* Begin PBXResourcesBuildPhase section */
		64A0EDF520BE4CC8005F8102 /* Resources */ = {
			isa = PBXResourcesBuildPhase;
			buildActionMask = 2147483647;
			files = (
				645BAB8921064BEC00E11A4D /* garnet.jpeg in Resources */,
				64A0EE0520BE4CC8005F8102 /* LaunchScreen.storyboard in Resources */,
				64A0EE0220BE4CC8005F8102 /* Assets.xcassets in Resources */,
				64A0EE0020BE4CC8005F8102 /* Main.storyboard in Resources */,
			);
			runOnlyForDeploymentPostprocessing = 0;
		};
		64A0EE0920BE4CC8005F8102 /* Resources */ = {
			isa = PBXResourcesBuildPhase;
			buildActionMask = 2147483647;
			files = (
			);
			runOnlyForDeploymentPostprocessing = 0;
		};
		64A0EE1420BE4CC8005F8102 /* Resources */ = {
			isa = PBXResourcesBuildPhase;
			buildActionMask = 2147483647;
			files = (
			);
			runOnlyForDeploymentPostprocessing = 0;
		};
/* End PBXResourcesBuildPhase section */

/* Begin PBXSourcesBuildPhase section */
		64A0EDF320BE4CC8005F8102 /* Sources */ = {
			isa = PBXSourcesBuildPhase;
			buildActionMask = 2147483647;
			files = (
				645BAB872106478000E11A4D /* EndViewController.swift in Sources */,
				64A0EDFD20BE4CC8005F8102 /* ViewController.swift in Sources */,
				64A0EDFB20BE4CC8005F8102 /* AppDelegate.swift in Sources */,
				6483CC3C20E01B1B0078C688 /* StartViewController.swift in Sources */,
			);
			runOnlyForDeploymentPostprocessing = 0;
		};
		64A0EE0720BE4CC8005F8102 /* Sources */ = {
			isa = PBXSourcesBuildPhase;
			buildActionMask = 2147483647;
			files = (
				64A0EE1020BE4CC8005F8102 /* Genius_GameTests.swift in Sources */,
			);
			runOnlyForDeploymentPostprocessing = 0;
		};
		64A0EE1220BE4CC8005F8102 /* Sources */ = {
			isa = PBXSourcesBuildPhase;
			buildActionMask = 2147483647;
			files = (
				64A0EE1B20BE4CC8005F8102 /* Genius_GameUITests.swift in Sources */,
			);
			runOnlyForDeploymentPostprocessing = 0;
		};
/* End PBXSourcesBuildPhase section */

/* Begin PBXTargetDependency section */
		64A0EE0D20BE4CC8005F8102 /* PBXTargetDependency */ = {
			isa = PBXTargetDependency;
			target = 64A0EDF620BE4CC8005F8102 /* Genius Game */;
			targetProxy = 64A0EE0C20BE4CC8005F8102 /* PBXContainerItemProxy */;
		};
		64A0EE1820BE4CC8005F8102 /* PBXTargetDependency */ = {
			isa = PBXTargetDependency;
			target = 64A0EDF620BE4CC8005F8102 /* Genius Game */;
			targetProxy = 64A0EE1720BE4CC8005F8102 /* PBXContainerItemProxy */;
		};
/* End PBXTargetDependency section */

/* Begin PBXVariantGroup section */
		64A0EDFE20BE4CC8005F8102 /* Main.storyboard */ = {
			isa = PBXVariantGroup;
			children = (
				64A0EDFF20BE4CC8005F8102 /* Base */,
			);
			name = Main.storyboard;
			sourceTree = "<group>";
		};
		64A0EE0320BE4CC8005F8102 /* LaunchScreen.storyboard */ = {
			isa = PBXVariantGroup;
			children = (
				64A0EE0420BE4CC8005F8102 /* Base */,
			);
			name = LaunchScreen.storyboard;
			sourceTree = "<group>";
		};
/* End PBXVariantGroup section */

/* Begin XCBuildConfiguration section */
		64A0EE1D20BE4CC8005F8102 /* Debug */ = {
			isa = XCBuildConfiguration;
			buildSettings = {
				ALWAYS_SEARCH_USER_PATHS = NO;
				CLANG_ANALYZER_NONNULL = YES;
				CLANG_ANALYZER_NUMBER_OBJECT_CONVERSION = YES_AGGRESSIVE;
				CLANG_CXX_LANGUAGE_STANDARD = "gnu++14";
				CLANG_CXX_LIBRARY = "libc++";
				CLANG_ENABLE_MODULES = YES;
				CLANG_ENABLE_OBJC_ARC = YES;
				CLANG_WARN_BLOCK_CAPTURE_AUTORELEASING = YES;
				CLANG_WARN_BOOL_CONVERSION = YES;
				CLANG_WARN_COMMA = YES;
				CLANG_WARN_CONSTANT_CONVERSION = YES;
				CLANG_WARN_DIRECT_OBJC_ISA_USAGE = YES_ERROR;
				CLANG_WARN_DOCUMENTATION_COMMENTS = YES;
				CLANG_WARN_EMPTY_BODY = YES;
				CLANG_WARN_ENUM_CONVERSION = YES;
				CLANG_WARN_INFINITE_RECURSION = YES;
				CLANG_WARN_INT_CONVERSION = YES;
				CLANG_WARN_NON_LITERAL_NULL_CONVERSION = YES;
				CLANG_WARN_OBJC_LITERAL_CONVERSION = YES;
				CLANG_WARN_OBJC_ROOT_CLASS = YES_ERROR;
				CLANG_WARN_RANGE_LOOP_ANALYSIS = YES;
				CLANG_WARN_STRICT_PROTOTYPES = YES;
				CLANG_WARN_SUSPICIOUS_MOVE = YES;
				CLANG_WARN_UNGUARDED_AVAILABILITY = YES_AGGRESSIVE;
				CLANG_WARN_UNREACHABLE_CODE = YES;
				CLANG_WARN__DUPLICATE_METHOD_MATCH = YES;
				CODE_SIGN_IDENTITY = "iPhone Developer";
				COPY_PHASE_STRIP = NO;
				DEBUG_INFORMATION_FORMAT = dwarf;
				ENABLE_STRICT_OBJC_MSGSEND = YES;
				ENABLE_TESTABILITY = YES;
				GCC_C_LANGUAGE_STANDARD = gnu11;
				GCC_DYNAMIC_NO_PIC = NO;
				GCC_NO_COMMON_BLOCKS = YES;
				GCC_OPTIMIZATION_LEVEL = 0;
				GCC_PREPROCESSOR_DEFINITIONS = (
					"DEBUG=1",
					"$(inherited)",
				);
				GCC_WARN_64_TO_32_BIT_CONVERSION = YES;
				GCC_WARN_ABOUT_RETURN_TYPE = YES_ERROR;
				GCC_WARN_UNDECLARED_SELECTOR = YES;
				GCC_WARN_UNINITIALIZED_AUTOS = YES_AGGRESSIVE;
				GCC_WARN_UNUSED_FUNCTION = YES;
				GCC_WARN_UNUSED_VARIABLE = YES;
				IPHONEOS_DEPLOYMENT_TARGET = 11.2;
				MTL_ENABLE_DEBUG_INFO = YES;
				ONLY_ACTIVE_ARCH = YES;
				SDKROOT = iphoneos;
				SWIFT_ACTIVE_COMPILATION_CONDITIONS = DEBUG;
				SWIFT_OPTIMIZATION_LEVEL = "-Onone";
			};
			name = Debug;
		};
		64A0EE1E20BE4CC8005F8102 /* Release */ = {
			isa = XCBuildConfiguration;
			buildSettings = {
				ALWAYS_SEARCH_USER_PATHS = NO;
				CLANG_ANALYZER_NONNULL = YES;
				CLANG_ANALYZER_NUMBER_OBJECT_CONVERSION = YES_AGGRESSIVE;
				CLANG_CXX_LANGUAGE_STANDARD = "gnu++14";
				CLANG_CXX_LIBRARY = "libc++";
				CLANG_ENABLE_MODULES = YES;
				CLANG_ENABLE_OBJC_ARC = YES;
				CLANG_WARN_BLOCK_CAPTURE_AUTORELEASING = YES;
				CLANG_WARN_BOOL_CONVERSION = YES;
				CLANG_WARN_COMMA = YES;
				CLANG_WARN_CONSTANT_CONVERSION = YES;
				CLANG_WARN_DIRECT_OBJC_ISA_USAGE = YES_ERROR;
				CLANG_WARN_DOCUMENTATION_COMMENTS = YES;
				CLANG_WARN_EMPTY_BODY = YES;
				CLANG_WARN_ENUM_CONVERSION = YES;
				CLANG_WARN_INFINITE_RECURSION = YES;
				CLANG_WARN_INT_CONVERSION = YES;
				CLANG_WARN_NON_LITERAL_NULL_CONVERSION = YES;
				CLANG_WARN_OBJC_LITERAL_CONVERSION = YES;
				CLANG_WARN_OBJC_ROOT_CLASS = YES_ERROR;
				CLANG_WARN_RANGE_LOOP_ANALYSIS = YES;
				CLANG_WARN_STRICT_PROTOTYPES = YES;
				CLANG_WARN_SUSPICIOUS_MOVE = YES;
				CLANG_WARN_UNGUARDED_AVAILABILITY = YES_AGGRESSIVE;
				CLANG_WARN_UNREACHABLE_CODE = YES;
				CLANG_WARN__DUPLICATE_METHOD_MATCH = YES;
				CODE_SIGN_IDENTITY = "iPhone Developer";
				COPY_PHASE_STRIP = NO;
				DEBUG_INFORMATION_FORMAT = "dwarf-with-dsym";
				ENABLE_NS_ASSERTIONS = NO;
				ENABLE_STRICT_OBJC_MSGSEND = YES;
				GCC_C_LANGUAGE_STANDARD = gnu11;
				GCC_NO_COMMON_BLOCKS = YES;
				GCC_WARN_64_TO_32_BIT_CONVERSION = YES;
				GCC_WARN_ABOUT_RETURN_TYPE = YES_ERROR;
				GCC_WARN_UNDECLARED_SELECTOR = YES;
				GCC_WARN_UNINITIALIZED_AUTOS = YES_AGGRESSIVE;
				GCC_WARN_UNUSED_FUNCTION = YES;
				GCC_WARN_UNUSED_VARIABLE = YES;
				IPHONEOS_DEPLOYMENT_TARGET = 11.2;
				MTL_ENABLE_DEBUG_INFO = NO;
				SDKROOT = iphoneos;
				SWIFT_OPTIMIZATION_LEVEL = "-Owholemodule";
				VALIDATE_PRODUCT = YES;
			};
			name = Release;
		};
		64A0EE2020BE4CC8005F8102 /* Debug */ = {
			isa = XCBuildConfiguration;
			buildSettings = {
				ASSETCATALOG_COMPILER_APPICON_NAME = AppIcon;
				CODE_SIGN_STYLE = Automatic;
				DEVELOPMENT_TEAM = LJF948P2D2;
				INFOPLIST_FILE = "Genius Game/Info.plist";
				LD_RUNPATH_SEARCH_PATHS = "$(inherited) @executable_path/Frameworks";
				PRODUCT_BUNDLE_IDENTIFIER = "personal.Genius-Game";
				PRODUCT_NAME = "$(TARGET_NAME)";
				SWIFT_VERSION = 4.0;
				TARGETED_DEVICE_FAMILY = "1,2";
			};
			name = Debug;
		};
		64A0EE2120BE4CC8005F8102 /* Release */ = {
			isa = XCBuildConfiguration;
			buildSettings = {
				ASSETCATALOG_COMPILER_APPICON_NAME = AppIcon;
				CODE_SIGN_STYLE = Automatic;
				DEVELOPMENT_TEAM = LJF948P2D2;
				INFOPLIST_FILE = "Genius Game/Info.plist";
				LD_RUNPATH_SEARCH_PATHS = "$(inherited) @executable_path/Frameworks";
				PRODUCT_BUNDLE_IDENTIFIER = "personal.Genius-Game";
				PRODUCT_NAME = "$(TARGET_NAME)";
				SWIFT_VERSION = 4.0;
				TARGETED_DEVICE_FAMILY = "1,2";
			};
			name = Release;
		};
		64A0EE2320BE4CC8005F8102 /* Debug */ = {
			isa = XCBuildConfiguration;
			buildSettings = {
				ALWAYS_EMBED_SWIFT_STANDARD_LIBRARIES = YES;
				BUNDLE_LOADER = "$(TEST_HOST)";
				CODE_SIGN_STYLE = Automatic;
				DEVELOPMENT_TEAM = LJF948P2D2;
				INFOPLIST_FILE = "Genius GameTests/Info.plist";
				LD_RUNPATH_SEARCH_PATHS = "$(inherited) @executable_path/Frameworks @loader_path/Frameworks";
				PRODUCT_BUNDLE_IDENTIFIER = "personal.Genius-GameTests";
				PRODUCT_NAME = "$(TARGET_NAME)";
				SWIFT_VERSION = 4.0;
				TARGETED_DEVICE_FAMILY = "1,2";
				TEST_HOST = "$(BUILT_PRODUCTS_DIR)/Genius Game.app/Genius Game";
			};
			name = Debug;
		};
		64A0EE2420BE4CC8005F8102 /* Release */ = {
			isa = XCBuildConfiguration;
			buildSettings = {
				ALWAYS_EMBED_SWIFT_STANDARD_LIBRARIES = YES;
				BUNDLE_LOADER = "$(TEST_HOST)";
				CODE_SIGN_STYLE = Automatic;
				DEVELOPMENT_TEAM = LJF948P2D2;
				INFOPLIST_FILE = "Genius GameTests/Info.plist";
				LD_RUNPATH_SEARCH_PATHS = "$(inherited) @executable_path/Frameworks @loader_path/Frameworks";
				PRODUCT_BUNDLE_IDENTIFIER = "personal.Genius-GameTests";
				PRODUCT_NAME = "$(TARGET_NAME)";
				SWIFT_VERSION = 4.0;
				TARGETED_DEVICE_FAMILY = "1,2";
				TEST_HOST = "$(BUILT_PRODUCTS_DIR)/Genius Game.app/Genius Game";
			};
			name = Release;
		};
		64A0EE2620BE4CC8005F8102 /* Debug */ = {
			isa = XCBuildConfiguration;
			buildSettings = {
				ALWAYS_EMBED_SWIFT_STANDARD_LIBRARIES = YES;
				CODE_SIGN_STYLE = Automatic;
				DEVELOPMENT_TEAM = LJF948P2D2;
				INFOPLIST_FILE = "Genius GameUITests/Info.plist";
				LD_RUNPATH_SEARCH_PATHS = "$(inherited) @executable_path/Frameworks @loader_path/Frameworks";
				PRODUCT_BUNDLE_IDENTIFIER = "personal.Genius-GameUITests";
				PRODUCT_NAME = "$(TARGET_NAME)";
				SWIFT_VERSION = 4.0;
				TARGETED_DEVICE_FAMILY = "1,2";
				TEST_TARGET_NAME = "Genius Game";
			};
			name = Debug;
		};
		64A0EE2720BE4CC8005F8102 /* Release */ = {
			isa = XCBuildConfiguration;
			buildSettings = {
				ALWAYS_EMBED_SWIFT_STANDARD_LIBRARIES = YES;
				CODE_SIGN_STYLE = Automatic;
				DEVELOPMENT_TEAM = LJF948P2D2;
				INFOPLIST_FILE = "Genius GameUITests/Info.plist";
				LD_RUNPATH_SEARCH_PATHS = "$(inherited) @executable_path/Frameworks @loader_path/Frameworks";
				PRODUCT_BUNDLE_IDENTIFIER = "personal.Genius-GameUITests";
				PRODUCT_NAME = "$(TARGET_NAME)";
				SWIFT_VERSION = 4.0;
				TARGETED_DEVICE_FAMILY = "1,2";
				TEST_TARGET_NAME = "Genius Game";
			};
			name = Release;
		};
/* End XCBuildConfiguration section */

/* Begin XCConfigurationList section */
		64A0EDF220BE4CC8005F8102 /* Build configuration list for PBXProject "Genius Game" */ = {
			isa = XCConfigurationList;
			buildConfigurations = (
				64A0EE1D20BE4CC8005F8102 /* Debug */,
				64A0EE1E20BE4CC8005F8102 /* Release */,
			);
			defaultConfigurationIsVisible = 0;
			defaultConfigurationName = Release;
		};
		64A0EE1F20BE4CC8005F8102 /* Build configuration list for PBXNativeTarget "Genius Game" */ = {
			isa = XCConfigurationList;
			buildConfigurations = (
				64A0EE2020BE4CC8005F8102 /* Debug */,
				64A0EE2120BE4CC8005F8102 /* Release */,
			);
			defaultConfigurationIsVisible = 0;
			defaultConfigurationName = Release;
		};
		64A0EE2220BE4CC8005F8102 /* Build configuration list for PBXNativeTarget "Genius GameTests" */ = {
			isa = XCConfigurationList;
			buildConfigurations = (
				64A0EE2320BE4CC8005F8102 /* Debug */,
				64A0EE2420BE4CC8005F8102 /* Release */,
			);
			defaultConfigurationIsVisible = 0;
			defaultConfigurationName = Release;
		};
		64A0EE2520BE4CC8005F8102 /* Build configuration list for PBXNativeTarget "Genius GameUITests" */ = {
			isa = XCConfigurationList;
			buildConfigurations = (
				64A0EE2620BE4CC8005F8102 /* Debug */,
				64A0EE2720BE4CC8005F8102 /* Release */,
			);
			defaultConfigurationIsVisible = 0;
			defaultConfigurationName = Release;
		};
/* End XCConfigurationList section */
	};
	rootObject = 64A0EDEF20BE4CC8005F8102 /* Project object */;
}
